
Microsoft Visual Studio Solution File, Format Version 12.00
# Visual Studio 2012
Project("{8BC9CEB8-8B4A-11D0-8D11-00A0C91BC942}") = "1028", "1028\1028.vcxproj", "{DD913B1D-B692-448F-B02B-698D75F6659A}"
EndProject
Global
	GlobalSection(SolutionConfigurationPlatforms) = preSolution
		Debug|Win32 = Debug|Win32
		Release|Win32 = Release|Win32
	EndGlobalSection
	GlobalSection(ProjectConfigurationPlatforms) = postSolution
		{DD913B1D-B692-448F-B02B-698D75F6659A}.Debug|Win32.ActiveCfg = Debug|Win32
		{DD913B1D-B692-448F-B02B-698D75F6659A}.Debug|Win32.Build.0 = Debug|Win32
		{DD913B1D-B692-448F-B02B-698D75F6659A}.Release|Win32.ActiveCfg = Release|Win32
		{DD913B1D-B692-448F-B02B-698D75F6659A}.Release|Win32.Build.0 = Release|Win32
	EndGlobalSection
	GlobalSection(SolutionProperties) = preSolution
		HideSolutionNode = FALSE
	EndGlobalSection
EndGlobal
