
Microsoft Visual Studio Solution File, Format Version 12.00
# Visual Studio 2012
Project("{8BC9CEB8-8B4A-11D0-8D11-00A0C91BC942}") = "1020", "1020\1020.vcxproj", "{BED04BDB-C577-4F7C-9B15-40CC4F07AD3F}"
EndProject
Global
	GlobalSection(SolutionConfigurationPlatforms) = preSolution
		Debug|Win32 = Debug|Win32
		Release|Win32 = Release|Win32
	EndGlobalSection
	GlobalSection(ProjectConfigurationPlatforms) = postSolution
		{BED04BDB-C577-4F7C-9B15-40CC4F07AD3F}.Debug|Win32.ActiveCfg = Debug|Win32
		{BED04BDB-C577-4F7C-9B15-40CC4F07AD3F}.Debug|Win32.Build.0 = Debug|Win32
		{BED04BDB-C577-4F7C-9B15-40CC4F07AD3F}.Release|Win32.ActiveCfg = Release|Win32
		{BED04BDB-C577-4F7C-9B15-40CC4F07AD3F}.Release|Win32.Build.0 = Release|Win32
	EndGlobalSection
	GlobalSection(SolutionProperties) = preSolution
		HideSolutionNode = FALSE
	EndGlobalSection
EndGlobal
