
Microsoft Visual Studio Solution File, Format Version 12.00
# Visual Studio 2012
Project("{8BC9CEB8-8B4A-11D0-8D11-00A0C91BC942}") = "1063", "1063\1063.vcxproj", "{5E68F9D2-9C5F-44C3-96BD-6AC0CC441E86}"
EndProject
Global
	GlobalSection(SolutionConfigurationPlatforms) = preSolution
		Debug|Win32 = Debug|Win32
		Release|Win32 = Release|Win32
	EndGlobalSection
	GlobalSection(ProjectConfigurationPlatforms) = postSolution
		{5E68F9D2-9C5F-44C3-96BD-6AC0CC441E86}.Debug|Win32.ActiveCfg = Debug|Win32
		{5E68F9D2-9C5F-44C3-96BD-6AC0CC441E86}.Debug|Win32.Build.0 = Debug|Win32
		{5E68F9D2-9C5F-44C3-96BD-6AC0CC441E86}.Release|Win32.ActiveCfg = Release|Win32
		{5E68F9D2-9C5F-44C3-96BD-6AC0CC441E86}.Release|Win32.Build.0 = Release|Win32
	EndGlobalSection
	GlobalSection(SolutionProperties) = preSolution
		HideSolutionNode = FALSE
	EndGlobalSection
EndGlobal
